
Microsoft Visual Studio Solution File, Format Version 12.00
# Visual Studio 15
VisualStudioVersion = 15.0.28307.1169
MinimumVisualStudioVersion = 10.0.40219.1
Project("{FAE04EC0-301F-11D3-BF4B-00C04F79EFBC}") = "ClientCFC-P4-20180140072", "ClientCFC-P4-20180140072\ClientCFC-P4-20180140072.csproj", "{B2A114D5-90BA-48BE-AA1B-FF7F819D532F}"
EndProject
Global
	GlobalSection(SolutionConfigurationPlatforms) = preSolution
		Debug|Any CPU = Debug|Any CPU
		Release|Any CPU = Release|Any CPU
	EndGlobalSection
	GlobalSection(ProjectConfigurationPlatforms) = postSolution
		{B2A114D5-90BA-48BE-AA1B-FF7F819D532F}.Debug|Any CPU.ActiveCfg = Debug|Any CPU
		{B2A114D5-90BA-48BE-AA1B-FF7F819D532F}.Debug|Any CPU.Build.0 = Debug|Any CPU
		{B2A114D5-90BA-48BE-AA1B-FF7F819D532F}.Release|Any CPU.ActiveCfg = Release|Any CPU
		{B2A114D5-90BA-48BE-AA1B-FF7F819D532F}.Release|Any CPU.Build.0 = Release|Any CPU
	EndGlobalSection
	GlobalSection(SolutionProperties) = preSolution
		HideSolutionNode = FALSE
	EndGlobalSection
	GlobalSection(ExtensibilityGlobals) = postSolution
		SolutionGuid = {DB27AAB7-FEE8-4740-9997-F8950332AD96}
	EndGlobalSection
EndGlobal
